# This file is automatically @generated by Cargo.
# It is not intended for manual editing.
[[package]]
name = "b_error"
version = "0.1.0"
source = "registry+https://github.com/rust-lang/crates.io-index"
checksum = "5138fa87965a4d7abfcd4dc519a05a1bc70f12b737ac137a400ff5b3fa37197b"

[[package]]
name = "beastdb"
version = "0.1.0"
dependencies = [
 "b_error",
 "driver_go",
 "persona",
]

[[package]]
name = "driver_go"
version = "0.1.0"
dependencies = [
 "b_error",
]

[[package]]
name = "persona"
version = "0.1.0"
dependencies = [
 "b_error",
]
